
Microsoft Visual Studio Solution File, Format Version 12.00
# Visual Studio 15
VisualStudioVersion = 15.0.28307.421
MinimumVisualStudioVersion = 10.0.40219.1
Project("{FAE04EC0-301F-11D3-BF4B-00C04F79EFBC}") = "TEST", "TEST\TEST.csproj", "{20C411CF-2F53-4E74-AFCB-00AB42F268D6}"
EndProject
Global
	GlobalSection(SolutionConfigurationPlatforms) = preSolution
		Debug|Any CPU = Debug|Any CPU
		Release|Any CPU = Release|Any CPU
	EndGlobalSection
	GlobalSection(ProjectConfigurationPlatforms) = postSolution
		{20C411CF-2F53-4E74-AFCB-00AB42F268D6}.Debug|Any CPU.ActiveCfg = Debug|Any CPU
		{20C411CF-2F53-4E74-AFCB-00AB42F268D6}.Debug|Any CPU.Build.0 = Debug|Any CPU
		{20C411CF-2F53-4E74-AFCB-00AB42F268D6}.Release|Any CPU.ActiveCfg = Release|Any CPU
		{20C411CF-2F53-4E74-AFCB-00AB42F268D6}.Release|Any CPU.Build.0 = Release|Any CPU
	EndGlobalSection
	GlobalSection(SolutionProperties) = preSolution
		HideSolutionNode = FALSE
	EndGlobalSection
	GlobalSection(ExtensibilityGlobals) = postSolution
		SolutionGuid = {3F13AC5F-D944-4B00-8F91-03622E8C5923}
	EndGlobalSection
EndGlobal
